// !$*UTF8*$!
{
	archiveVersion = 1;
	classes = {
	};
	objectVersion = 46;
	objects = {

/* Begin PBXBuildFile section */
		0173C1BB1EB9707C0082AED0 /* main.m in Sources */ = {isa = PBXBuildFile; fileRef = 0173C1BA1EB9707C0082AED0 /* main.m */; };
		0173C1BE1EB9707C0082AED0 /* AppDelegate.m in Sources */ = {isa = PBXBuildFile; fileRef = 0173C1BD1EB9707C0082AED0 /* AppDelegate.m */; };
		0173C1C11EB9707C0082AED0 /* ViewController.m in Sources */ = {isa = PBXBuildFile; fileRef = 0173C1C01EB9707C0082AED0 /* ViewController.m */; };
		0173C1C41EB9707C0082AED0 /* Main.storyboard in Resources */ = {isa = PBXBuildFile; fileRef = 0173C1C21EB9707C0082AED0 /* Main.storyboard */; };
		0173C1C61EB9707C0082AED0 /* Assets.xcassets in Resources */ = {isa = PBXBuildFile; fileRef = 0173C1C51EB9707C0082AED0 /* Assets.xcassets */; };
		0173C1C91EB9707C0082AED0 /* LaunchScreen.storyboard in Resources */ = {isa = PBXBuildFile; fileRef = 0173C1C71EB9707C0082AED0 /* LaunchScreen.storyboard */; };
		018176E31F0486CD00BE4888 /* ThirdViewController.m in Sources */ = {isa = PBXBuildFile; fileRef = 018176E11F0486CD00BE4888 /* ThirdViewController.m */; };
		018176E41F0486CD00BE4888 /* ThirdViewController.xib in Resources */ = {isa = PBXBuildFile; fileRef = 018176E21F0486CD00BE4888 /* ThirdViewController.xib */; };
		018176E71F048C5100BE4888 /* UIViewController+ShowSuspensionView.m in Sources */ = {isa = PBXBuildFile; fileRef = 018176E61F048C5100BE4888 /* UIViewController+ShowSuspensionView.m */; };
		018176EF1F04947400BE4888 /* TSPSuspensionWindow.m in Sources */ = {isa = PBXBuildFile; fileRef = 018176EE1F04947400BE4888 /* TSPSuspensionWindow.m */; };
		01868AB81F0235D900EEB18A /* SecondViewController.m in Sources */ = {isa = PBXBuildFile; fileRef = 01868AB61F0235D900EEB18A /* SecondViewController.m */; };
		01868ABC1F02379200EEB18A /* basic_eye_closed@3x.png in Resources */ = {isa = PBXBuildFile; fileRef = 01868ABA1F02379200EEB18A /* basic_eye_closed@3x.png */; };
		01868ABD1F02379200EEB18A /* basic_eye@3x.png in Resources */ = {isa = PBXBuildFile; fileRef = 01868ABB1F02379200EEB18A /* basic_eye@3x.png */; };
/* End PBXBuildFile section */

/* Begin PBXFileReference section */
		0173C1B61EB9707C0082AED0 /* TestForNewEffect.app */ = {isa = PBXFileReference; explicitFileType = wrapper.application; includeInIndex = 0; path = TestForNewEffect.app; sourceTree = BUILT_PRODUCTS_DIR; };
		0173C1BA1EB9707C0082AED0 /* main.m */ = {isa = PBXFileReference; lastKnownFileType = sourcecode.c.objc; path = main.m; sourceTree = "<group>"; };
		0173C1BC1EB9707C0082AED0 /* AppDelegate.h */ = {isa = PBXFileReference; lastKnownFileType = sourcecode.c.h; path = AppDelegate.h; sourceTree = "<group>"; };
		0173C1BD1EB9707C0082AED0 /* AppDelegate.m */ = {isa = PBXFileReference; lastKnownFileType = sourcecode.c.objc; path = AppDelegate.m; sourceTree = "<group>"; };
		0173C1BF1EB9707C0082AED0 /* ViewController.h */ = {isa = PBXFileReference; lastKnownFileType = sourcecode.c.h; path = ViewController.h; sourceTree = "<group>"; };
		0173C1C01EB9707C0082AED0 /* ViewController.m */ = {isa = PBXFileReference; lastKnownFileType = sourcecode.c.objc; path = ViewController.m; sourceTree = "<group>"; };
		0173C1C31EB9707C0082AED0 /* Base */ = {isa = PBXFileReference; lastKnownFileType = file.storyboard; name = Base; path = Base.lproj/Main.storyboard; sourceTree = "<group>"; };
		0173C1C51EB9707C0082AED0 /* Assets.xcassets */ = {isa = PBXFileReference; lastKnownFileType = folder.assetcatalog; path = Assets.xcassets; sourceTree = "<group>"; };
		0173C1C81EB9707C0082AED0 /* Base */ = {isa = PBXFileReference; lastKnownFileType = file.storyboard; name = Base; path = Base.lproj/LaunchScreen.storyboard; sourceTree = "<group>"; };
		0173C1CA1EB9707C0082AED0 /* Info.plist */ = {isa = PBXFileReference; lastKnownFileType = text.plist.xml; path = Info.plist; sourceTree = "<group>"; };
		018176E01F0486CD00BE4888 /* ThirdViewController.h */ = {isa = PBXFileReference; fileEncoding = 4; lastKnownFileType = sourcecode.c.h; path = ThirdViewController.h; sourceTree = "<group>"; };
		018176E11F0486CD00BE4888 /* ThirdViewController.m */ = {isa = PBXFileReference; fileEncoding = 4; lastKnownFileType = sourcecode.c.objc; path = ThirdViewController.m; sourceTree = "<group>"; };
		018176E21F0486CD00BE4888 /* ThirdViewController.xib */ = {isa = PBXFileReference; fileEncoding = 4; lastKnownFileType = file.xib; path = ThirdViewController.xib; sourceTree = "<group>"; };
		018176E51F048C5100BE4888 /* UIViewController+ShowSuspensionView.h */ = {isa = PBXFileReference; fileEncoding = 4; lastKnownFileType = sourcecode.c.h; path = "UIViewController+ShowSuspensionView.h"; sourceTree = "<group>"; };
		018176E61F048C5100BE4888 /* UIViewController+ShowSuspensionView.m */ = {isa = PBXFileReference; fileEncoding = 4; lastKnownFileType = sourcecode.c.objc; path = "UIViewController+ShowSuspensionView.m"; sourceTree = "<group>"; };
		018176ED1F04947400BE4888 /* TSPSuspensionWindow.h */ = {isa = PBXFileReference; fileEncoding = 4; lastKnownFileType = sourcecode.c.h; path = TSPSuspensionWindow.h; sourceTree = "<group>"; };
		018176EE1F04947400BE4888 /* TSPSuspensionWindow.m */ = {isa = PBXFileReference; fileEncoding = 4; lastKnownFileType = sourcecode.c.objc; path = TSPSuspensionWindow.m; sourceTree = "<group>"; };
		01868AB51F0235D900EEB18A /* SecondViewController.h */ = {isa = PBXFileReference; fileEncoding = 4; lastKnownFileType = sourcecode.c.h; path = SecondViewController.h; sourceTree = "<group>"; };
		01868AB61F0235D900EEB18A /* SecondViewController.m */ = {isa = PBXFileReference; fileEncoding = 4; lastKnownFileType = sourcecode.c.objc; path = SecondViewController.m; sourceTree = "<group>"; };
		01868ABA1F02379200EEB18A /* basic_eye_closed@3x.png */ = {isa = PBXFileReference; lastKnownFileType = image.png; path = "basic_eye_closed@3x.png"; sourceTree = "<group>"; };
		01868ABB1F02379200EEB18A /* basic_eye@3x.png */ = {isa = PBXFileReference; lastKnownFileType = image.png; path = "basic_eye@3x.png"; sourceTree = "<group>"; };
/* End PBXFileReference section */

/* Begin PBXFrameworksBuildPhase section */
		0173C1B31EB9707C0082AED0 /* Frameworks */ = {
			isa = PBXFrameworksBuildPhase;
			buildActionMask = 2147483647;
			files = (
			);
			runOnlyForDeploymentPostprocessing = 0;
		};
/* End PBXFrameworksBuildPhase section */

/* Begin PBXGroup section */
		0173C1AD1EB9707C0082AED0 = {
			isa = PBXGroup;
			children = (
				0173C1B81EB9707C0082AED0 /* TestForNewEffect */,
				0173C1B71EB9707C0082AED0 /* Products */,
			);
			sourceTree = "<group>";
		};
		0173C1B71EB9707C0082AED0 /* Products */ = {
			isa = PBXGroup;
			children = (
				0173C1B61EB9707C0082AED0 /* TestForNewEffect.app */,
			);
			name = Products;
			sourceTree = "<group>";
		};
		0173C1B81EB9707C0082AED0 /* TestForNewEffect */ = {
			isa = PBXGroup;
			children = (
				018176EB1F04947400BE4888 /* Common */,
				018176E81F04931900BE4888 /* Category */,
				01868ABE1F02379600EEB18A /* Icon */,
				0173C1B91EB9707C0082AED0 /* Supporting Files */,
				018176E91F04932200BE4888 /* ViewControllers */,
			);
			path = TestForNewEffect;
			sourceTree = "<group>";
		};
		0173C1B91EB9707C0082AED0 /* Supporting Files */ = {
			isa = PBXGroup;
			children = (
				0173C1BC1EB9707C0082AED0 /* AppDelegate.h */,
				0173C1BD1EB9707C0082AED0 /* AppDelegate.m */,
				0173C1C51EB9707C0082AED0 /* Assets.xcassets */,
				0173C1CA1EB9707C0082AED0 /* Info.plist */,
				0173C1C71EB9707C0082AED0 /* LaunchScreen.storyboard */,
				0173C1C21EB9707C0082AED0 /* Main.storyboard */,
				0173C1BA1EB9707C0082AED0 /* main.m */,
			);
			path = "Supporting Files";
			sourceTree = "<group>";
		};
		018176E81F04931900BE4888 /* Category */ = {
			isa = PBXGroup;
			children = (
				018176E51F048C5100BE4888 /* UIViewController+ShowSuspensionView.h */,
				018176E61F048C5100BE4888 /* UIViewController+ShowSuspensionView.m */,
			);
			path = Category;
			sourceTree = "<group>";
		};
		018176E91F04932200BE4888 /* ViewControllers */ = {
			isa = PBXGroup;
			children = (
				01868AB51F0235D900EEB18A /* SecondViewController.h */,
				01868AB61F0235D900EEB18A /* SecondViewController.m */,
				018176E01F0486CD00BE4888 /* ThirdViewController.h */,
				018176E11F0486CD00BE4888 /* ThirdViewController.m */,
				018176E21F0486CD00BE4888 /* ThirdViewController.xib */,
				0173C1BF1EB9707C0082AED0 /* ViewController.h */,
				0173C1C01EB9707C0082AED0 /* ViewController.m */,
			);
			path = ViewControllers;
			sourceTree = "<group>";
		};
		018176EB1F04947400BE4888 /* Common */ = {
			isa = PBXGroup;
			children = (
				018176EC1F04947400BE4888 /* SuspensionWindow */,
			);
			path = Common;
			sourceTree = "<group>";
		};
		018176EC1F04947400BE4888 /* SuspensionWindow */ = {
			isa = PBXGroup;
			children = (
				018176ED1F04947400BE4888 /* TSPSuspensionWindow.h */,
				018176EE1F04947400BE4888 /* TSPSuspensionWindow.m */,
			);
			path = SuspensionWindow;
			sourceTree = "<group>";
		};
		01868ABE1F02379600EEB18A /* Icon */ = {
			isa = PBXGroup;
			children = (
				01868ABB1F02379200EEB18A /* basic_eye@3x.png */,
				01868ABA1F02379200EEB18A /* basic_eye_closed@3x.png */,
			);
			path = Icon;
			sourceTree = "<group>";
		};
/* End PBXGroup section */

/* Begin PBXNativeTarget section */
		0173C1B51EB9707C0082AED0 /* TestForNewEffect */ = {
			isa = PBXNativeTarget;
			buildConfigurationList = 0173C1CD1EB9707C0082AED0 /* Build configuration list for PBXNativeTarget "TestForNewEffect" */;
			buildPhases = (
				0173C1B21EB9707C0082AED0 /* Sources */,
				0173C1B31EB9707C0082AED0 /* Frameworks */,
				0173C1B41EB9707C0082AED0 /* Resources */,
			);
			buildRules = (
			);
			dependencies = (
			);
			name = TestForNewEffect;
			productName = TestForNewEffect;
			productReference = 0173C1B61EB9707C0082AED0 /* TestForNewEffect.app */;
			productType = "com.apple.product-type.application";
		};
/* End PBXNativeTarget section */

/* Begin PBXProject section */
		0173C1AE1EB9707C0082AED0 /* Project object */ = {
			isa = PBXProject;
			attributes = {
				LastUpgradeCheck = 0800;
				ORGANIZATIONNAME = suma;
				TargetAttributes = {
					0173C1B51EB9707C0082AED0 = {
						CreatedOnToolsVersion = 8.0;
						DevelopmentTeam = D4R6TBYUVQ;
						ProvisioningStyle = Automatic;
					};
				};
			};
			buildConfigurationList = 0173C1B11EB9707C0082AED0 /* Build configuration list for PBXProject "TestForNewEffect" */;
			compatibilityVersion = "Xcode 3.2";
			developmentRegion = English;
			hasScannedForEncodings = 0;
			knownRegions = (
				en,
				Base,
			);
			mainGroup = 0173C1AD1EB9707C0082AED0;
			productRefGroup = 0173C1B71EB9707C0082AED0 /* Products */;
			projectDirPath = "";
			projectRoot = "";
			targets = (
				0173C1B51EB9707C0082AED0 /* TestForNewEffect */,
			);
		};
/* End PBXProject section */

/* Begin PBXResourcesBuildPhase section */
		0173C1B41EB9707C0082AED0 /* Resources */ = {
			isa = PBXResourcesBuildPhase;
			buildActionMask = 2147483647;
			files = (
				0173C1C91EB9707C0082AED0 /* LaunchScreen.storyboard in Resources */,
				01868ABD1F02379200EEB18A /* basic_eye@3x.png in Resources */,
				018176E41F0486CD00BE4888 /* ThirdViewController.xib in Resources */,
				0173C1C61EB9707C0082AED0 /* Assets.xcassets in Resources */,
				0173C1C41EB9707C0082AED0 /* Main.storyboard in Resources */,
				01868ABC1F02379200EEB18A /* basic_eye_closed@3x.png in Resources */,
			);
			runOnlyForDeploymentPostprocessing = 0;
		};
/* End PBXResourcesBuildPhase section */

/* Begin PBXSourcesBuildPhase section */
		0173C1B21EB9707C0082AED0 /* Sources */ = {
			isa = PBXSourcesBuildPhase;
			buildActionMask = 2147483647;
			files = (
				018176EF1F04947400BE4888 /* TSPSuspensionWindow.m in Sources */,
				01868AB81F0235D900EEB18A /* SecondViewController.m in Sources */,
				018176E31F0486CD00BE4888 /* ThirdViewController.m in Sources */,
				018176E71F048C5100BE4888 /* UIViewController+ShowSuspensionView.m in Sources */,
				0173C1C11EB9707C0082AED0 /* ViewController.m in Sources */,
				0173C1BE1EB9707C0082AED0 /* AppDelegate.m in Sources */,
				0173C1BB1EB9707C0082AED0 /* main.m in Sources */,
			);
			runOnlyForDeploymentPostprocessing = 0;
		};
/* End PBXSourcesBuildPhase section */

/* Begin PBXVariantGroup section */
		0173C1C21EB9707C0082AED0 /* Main.storyboard */ = {
			isa = PBXVariantGroup;
			children = (
				0173C1C31EB9707C0082AED0 /* Base */,
			);
			name = Main.storyboard;
			path = .;
			sourceTree = "<group>";
		};
		0173C1C71EB9707C0082AED0 /* LaunchScreen.storyboard */ = {
			isa = PBXVariantGroup;
			children = (
				0173C1C81EB9707C0082AED0 /* Base */,
			);
			name = LaunchScreen.storyboard;
			path = .;
			sourceTree = "<group>";
		};
/* End PBXVariantGroup section */

/* Begin XCBuildConfiguration section */
		0173C1CB1EB9707C0082AED0 /* Debug */ = {
			isa = XCBuildConfiguration;
			buildSettings = {
				ALWAYS_SEARCH_USER_PATHS = NO;
				CLANG_ANALYZER_NONNULL = YES;
				CLANG_CXX_LANGUAGE_STANDARD = "gnu++0x";
				CLANG_CXX_LIBRARY = "libc++";
				CLANG_ENABLE_MODULES = YES;
				CLANG_ENABLE_OBJC_ARC = YES;
				CLANG_WARN_BOOL_CONVERSION = YES;
				CLANG_WARN_CONSTANT_CONVERSION = YES;
				CLANG_WARN_DIRECT_OBJC_ISA_USAGE = YES_ERROR;
				CLANG_WARN_DOCUMENTATION_COMMENTS = YES;
				CLANG_WARN_EMPTY_BODY = YES;
				CLANG_WARN_ENUM_CONVERSION = YES;
				CLANG_WARN_INFINITE_RECURSION = YES;
				CLANG_WARN_INT_CONVERSION = YES;
				CLANG_WARN_OBJC_ROOT_CLASS = YES_ERROR;
				CLANG_WARN_SUSPICIOUS_MOVES = YES;
				CLANG_WARN_UNREACHABLE_CODE = YES;
				CLANG_WARN__DUPLICATE_METHOD_MATCH = YES;
				"CODE_SIGN_IDENTITY[sdk=iphoneos*]" = "iPhone Developer";
				COPY_PHASE_STRIP = NO;
				DEBUG_INFORMATION_FORMAT = dwarf;
				ENABLE_STRICT_OBJC_MSGSEND = YES;
				ENABLE_TESTABILITY = YES;
				GCC_C_LANGUAGE_STANDARD = gnu99;
				GCC_DYNAMIC_NO_PIC = NO;
				GCC_NO_COMMON_BLOCKS = YES;
				GCC_OPTIMIZATION_LEVEL = 0;
				GCC_PREPROCESSOR_DEFINITIONS = (
					"DEBUG=1",
					"$(inherited)",
				);
				GCC_WARN_64_TO_32_BIT_CONVERSION = YES;
				GCC_WARN_ABOUT_RETURN_TYPE = YES_ERROR;
				GCC_WARN_UNDECLARED_SELECTOR = YES;
				GCC_WARN_UNINITIALIZED_AUTOS = YES_AGGRESSIVE;
				GCC_WARN_UNUSED_FUNCTION = YES;
				GCC_WARN_UNUSED_VARIABLE = YES;
				IPHONEOS_DEPLOYMENT_TARGET = 10.0;
				MTL_ENABLE_DEBUG_INFO = YES;
				ONLY_ACTIVE_ARCH = YES;
				SDKROOT = iphoneos;
			};
			name = Debug;
		};
		0173C1CC1EB9707C0082AED0 /* Release */ = {
			isa = XCBuildConfiguration;
			buildSettings = {
				ALWAYS_SEARCH_USER_PATHS = NO;
				CLANG_ANALYZER_NONNULL = YES;
				CLANG_CXX_LANGUAGE_STANDARD = "gnu++0x";
				CLANG_CXX_LIBRARY = "libc++";
				CLANG_ENABLE_MODULES = YES;
				CLANG_ENABLE_OBJC_ARC = YES;
				CLANG_WARN_BOOL_CONVERSION = YES;
				CLANG_WARN_CONSTANT_CONVERSION = YES;
				CLANG_WARN_DIRECT_OBJC_ISA_USAGE = YES_ERROR;
				CLANG_WARN_DOCUMENTATION_COMMENTS = YES;
				CLANG_WARN_EMPTY_BODY = YES;
				CLANG_WARN_ENUM_CONVERSION = YES;
				CLANG_WARN_INFINITE_RECURSION = YES;
				CLANG_WARN_INT_CONVERSION = YES;
				CLANG_WARN_OBJC_ROOT_CLASS = YES_ERROR;
				CLANG_WARN_SUSPICIOUS_MOVES = YES;
				CLANG_WARN_UNREACHABLE_CODE = YES;
				CLANG_WARN__DUPLICATE_METHOD_MATCH = YES;
				"CODE_SIGN_IDENTITY[sdk=iphoneos*]" = "iPhone Developer";
				COPY_PHASE_STRIP = NO;
				DEBUG_INFORMATION_FORMAT = "dwarf-with-dsym";
				ENABLE_NS_ASSERTIONS = NO;
				ENABLE_STRICT_OBJC_MSGSEND = YES;
				GCC_C_LANGUAGE_STANDARD = gnu99;
				GCC_NO_COMMON_BLOCKS = YES;
				GCC_WARN_64_TO_32_BIT_CONVERSION = YES;
				GCC_WARN_ABOUT_RETURN_TYPE = YES_ERROR;
				GCC_WARN_UNDECLARED_SELECTOR = YES;
				GCC_WARN_UNINITIALIZED_AUTOS = YES_AGGRESSIVE;
				GCC_WARN_UNUSED_FUNCTION = YES;
				GCC_WARN_UNUSED_VARIABLE = YES;
				IPHONEOS_DEPLOYMENT_TARGET = 10.0;
				MTL_ENABLE_DEBUG_INFO = NO;
				SDKROOT = iphoneos;
				VALIDATE_PRODUCT = YES;
			};
			name = Release;
		};
		0173C1CE1EB9707C0082AED0 /* Debug */ = {
			isa = XCBuildConfiguration;
			buildSettings = {
				ASSETCATALOG_COMPILER_APPICON_NAME = AppIcon;
				"CODE_SIGN_IDENTITY[sdk=iphoneos*]" = "iPhone Developer";
				DEVELOPMENT_TEAM = D4R6TBYUVQ;
				INFOPLIST_FILE = "TestForNewEffect/Supporting Files/Info.plist";
				IPHONEOS_DEPLOYMENT_TARGET = 8.0;
				LD_RUNPATH_SEARCH_PATHS = "$(inherited) @executable_path/Frameworks";
				PRODUCT_BUNDLE_IDENTIFIER = sumavision.TestForNewEffect;
				PRODUCT_NAME = "$(TARGET_NAME)";
			};
			name = Debug;
		};
		0173C1CF1EB9707C0082AED0 /* Release */ = {
			isa = XCBuildConfiguration;
			buildSettings = {
				ASSETCATALOG_COMPILER_APPICON_NAME = AppIcon;
				"CODE_SIGN_IDENTITY[sdk=iphoneos*]" = "iPhone Developer";
				DEVELOPMENT_TEAM = D4R6TBYUVQ;
				INFOPLIST_FILE = "TestForNewEffect/Supporting Files/Info.plist";
				IPHONEOS_DEPLOYMENT_TARGET = 8.0;
				LD_RUNPATH_SEARCH_PATHS = "$(inherited) @executable_path/Frameworks";
				PRODUCT_BUNDLE_IDENTIFIER = sumavision.TestForNewEffect;
				PRODUCT_NAME = "$(TARGET_NAME)";
			};
			name = Release;
		};
/* End XCBuildConfiguration section */

/* Begin XCConfigurationList section */
		0173C1B11EB9707C0082AED0 /* Build configuration list for PBXProject "TestForNewEffect" */ = {
			isa = XCConfigurationList;
			buildConfigurations = (
				0173C1CB1EB9707C0082AED0 /* Debug */,
				0173C1CC1EB9707C0082AED0 /* Release */,
			);
			defaultConfigurationIsVisible = 0;
			defaultConfigurationName = Release;
		};
		0173C1CD1EB9707C0082AED0 /* Build configuration list for PBXNativeTarget "TestForNewEffect" */ = {
			isa = XCConfigurationList;
			buildConfigurations = (
				0173C1CE1EB9707C0082AED0 /* Debug */,
				0173C1CF1EB9707C0082AED0 /* Release */,
			);
			defaultConfigurationIsVisible = 0;
			defaultConfigurationName = Release;
		};
/* End XCConfigurationList section */
	};
	rootObject = 0173C1AE1EB9707C0082AED0 /* Project object */;
}
